
Microsoft Visual Studio Solution File, Format Version 12.00
# Visual Studio Version 16
VisualStudioVersion = 16.0.33529.622
MinimumVisualStudioVersion = 10.0.40219.1
Project("{FAE04EC0-301F-11D3-BF4B-00C04F79EFBC}") = "Hangman", "Hangman\Hangman.csproj", "{46A01F64-ECF6-4F97-9ADC-8BE8782221C0}"
EndProject
Global
	GlobalSection(SolutionConfigurationPlatforms) = preSolution
		Debug|Any CPU = Debug|Any CPU
		Release|Any CPU = Release|Any CPU
	EndGlobalSection
	GlobalSection(ProjectConfigurationPlatforms) = postSolution
		{46A01F64-ECF6-4F97-9ADC-8BE8782221C0}.Debug|Any CPU.ActiveCfg = Debug|Any CPU
		{46A01F64-ECF6-4F97-9ADC-8BE8782221C0}.Debug|Any CPU.Build.0 = Debug|Any CPU
		{46A01F64-ECF6-4F97-9ADC-8BE8782221C0}.Release|Any CPU.ActiveCfg = Release|Any CPU
		{46A01F64-ECF6-4F97-9ADC-8BE8782221C0}.Release|Any CPU.Build.0 = Release|Any CPU
	EndGlobalSection
	GlobalSection(SolutionProperties) = preSolution
		HideSolutionNode = FALSE
	EndGlobalSection
	GlobalSection(ExtensibilityGlobals) = postSolution
		SolutionGuid = {94A0FD4A-F257-4A13-86DA-BAD99C04EAAB}
	EndGlobalSection
EndGlobal
